
Microsoft Visual Studio Solution File, Format Version 12.00
# Visual Studio Version 17
VisualStudioVersion = 17.7.34031.279
MinimumVisualStudioVersion = 10.0.40219.1
Project("{FAE04EC0-301F-11D3-BF4B-00C04F79EFBC}") = "WhoAmI.Core", "WhoAmI.Core\WhoAmI.Core.csproj", "{D59BFB68-ED2B-44B7-9B3C-AE1E6909AE8A}"
EndProject
Global
	GlobalSection(SolutionConfigurationPlatforms) = preSolution
		Debug|Any CPU = Debug|Any CPU
		Release|Any CPU = Release|Any CPU
	EndGlobalSection
	GlobalSection(ProjectConfigurationPlatforms) = postSolution
		{D59BFB68-ED2B-44B7-9B3C-AE1E6909AE8A}.Debug|Any CPU.ActiveCfg = Debug|Any CPU
		{D59BFB68-ED2B-44B7-9B3C-AE1E6909AE8A}.Debug|Any CPU.Build.0 = Debug|Any CPU
		{D59BFB68-ED2B-44B7-9B3C-AE1E6909AE8A}.Release|Any CPU.ActiveCfg = Release|Any CPU
		{D59BFB68-ED2B-44B7-9B3C-AE1E6909AE8A}.Release|Any CPU.Build.0 = Release|Any CPU
	EndGlobalSection
	GlobalSection(SolutionProperties) = preSolution
		HideSolutionNode = FALSE
	EndGlobalSection
	GlobalSection(ExtensibilityGlobals) = postSolution
		SolutionGuid = {B063B043-7890-46AC-AD71-01CEEACF2E58}
	EndGlobalSection
EndGlobal
